
Microsoft Visual Studio Solution File, Format Version 12.00
# Visual Studio 15
VisualStudioVersion = 15.0.27004.2005
MinimumVisualStudioVersion = 10.0.40219.1
Project("{FAE04EC0-301F-11D3-BF4B-00C04F79EFBC}") = "01_", "01_.csproj", "{131FB58A-CA80-443B-8655-93CDD54C874D}"
EndProject
Project("{FAE04EC0-301F-11D3-BF4B-00C04F79EFBC}") = "Person", "..\Person\Person.csproj", "{FFC1515B-7E20-4D99-91D1-DFAC0A8C98D6}"
EndProject
Project("{FAE04EC0-301F-11D3-BF4B-00C04F79EFBC}") = "01_Element", "ConsoleApp1\01_Element.csproj", "{EC85EDC4-461B-4F5F-BA00-858CF7C65C9C}"
EndProject
Project("{FAE04EC0-301F-11D3-BF4B-00C04F79EFBC}") = "02_foreach", "ConsoleApp2\02_foreach.csproj", "{1330F25C-9A80-4927-BB0D-10C2C815209D}"
EndProject
Project("{FAE04EC0-301F-11D3-BF4B-00C04F79EFBC}") = "03_get_set", "ConsoleApp3\03_get_set.csproj", "{AF2D9888-4B48-49DB-A3D3-48BCB87F2E26}"
EndProject
Project("{FAE04EC0-301F-11D3-BF4B-00C04F79EFBC}") = "04_암시적_명시적_형변환", "ConsoleApp4\04_암시적_명시적_형변환.csproj", "{ACE22E72-93FB-463F-831E-13E65F174A9E}"
EndProject
Project("{FAE04EC0-301F-11D3-BF4B-00C04F79EFBC}") = "05_managerclass_공유", "ConsoleApp5\05_managerclass_공유.csproj", "{141B99B3-079B-4C99-BFEC-2D454C5E85F7}"
EndProject
Project("{FAE04EC0-301F-11D3-BF4B-00C04F79EFBC}") = "06_object상속", "..\ConsoleApp6\06_object상속.csproj", "{858FCD85-AD2B-47AD-8734-A4A92A67799E}"
EndProject
Project("{FAE04EC0-301F-11D3-BF4B-00C04F79EFBC}") = "07_Tostring()", "ConsoleApp7\07_Tostring().csproj", "{77402ABE-8316-49F7-B347-4A4865D1D2B2}"
EndProject
Project("{FAE04EC0-301F-11D3-BF4B-00C04F79EFBC}") = "08_Type_class", "ConsoleApp8\08_Type_class.csproj", "{374920D2-191A-421F-B13B-0205BAB97057}"
EndProject
Project("{FAE04EC0-301F-11D3-BF4B-00C04F79EFBC}") = "09_Equals()_문자열_배열_비교", "ConsoleApp9\09_Equals()_문자열_배열_비교.csproj", "{F7DA5A37-A551-432F-82B9-9F8391957F47}"
EndProject
Project("{FAE04EC0-301F-11D3-BF4B-00C04F79EFBC}") = "10_Array", "ConsoleApp10\10_Array.csproj", "{7CE70F83-3E1E-470C-A3FF-5B27A6A2BB5F}"
EndProject
Project("{FAE04EC0-301F-11D3-BF4B-00C04F79EFBC}") = "11_decimal", "ConsoleApp11\11_decimal.csproj", "{8B9865E7-5B2C-4456-AA57-CE4779A9953B}"
EndProject
Project("{FAE04EC0-301F-11D3-BF4B-00C04F79EFBC}") = "12_this_생성자", "ConsoleApp12\12_this_생성자.csproj", "{C773E027-4014-4BE8-8145-34AC9DA43F9E}"
EndProject
Project("{FAE04EC0-301F-11D3-BF4B-00C04F79EFBC}") = "13_base", "ConsoleApp13\13_base.csproj", "{73FEAE15-09CD-44AD-B354-DE0E82856225}"
EndProject
Project("{FAE04EC0-301F-11D3-BF4B-00C04F79EFBC}") = "14_this_상속", "ConsoleApp14\14_this_상속.csproj", "{3A25EF59-DDBE-4693-9DFD-1C30C58A9B9E}"
EndProject
Project("{FAE04EC0-301F-11D3-BF4B-00C04F79EFBC}") = "15_상속_형변환", "ConsoleApp15\15_상속_형변환.csproj", "{D254D4A4-6AC1-45CF-BD58-510D6D11FC6E}"
EndProject
Project("{FAE04EC0-301F-11D3-BF4B-00C04F79EFBC}") = "16_상속_형변환_1", "ConsoleApp16\16_상속_형변환_1.csproj", "{F5957F82-9505-487F-85A4-87796C225F44}"
EndProject
Project("{FAE04EC0-301F-11D3-BF4B-00C04F79EFBC}") = "17_상속_형변환_2", "ConsoleApp17\17_상속_형변환_2.csproj", "{8E3159D7-7F7F-4D91-923C-088848BEDD55}"
EndProject
Project("{FAE04EC0-301F-11D3-BF4B-00C04F79EFBC}") = "18_virtual", "ConsoleApp18\18_virtual.csproj", "{DED78BBB-85AC-459B-A41F-0D709D158844}"
EndProject
Project("{FAE04EC0-301F-11D3-BF4B-00C04F79EFBC}") = "19_string_Equals", "ConsoleApp19\19_string_Equals.csproj", "{F11E9109-4B9C-4B67-9AC2-568E1EB4429E}"
EndProject
Project("{FAE04EC0-301F-11D3-BF4B-00C04F79EFBC}") = "20_Abs", "ConsoleApp20\20_Abs.csproj", "{12F2EBDF-93B1-4E68-B6F4-5B9E58E71AA1}"
EndProject
Project("{FAE04EC0-301F-11D3-BF4B-00C04F79EFBC}") = "21_string_operator", "ConsoleApp21\21_string_operator.csproj", "{4B93C417-09E2-4BDD-BD00-FE47EACF26FA}"
EndProject
Project("{FAE04EC0-301F-11D3-BF4B-00C04F79EFBC}") = "22_abstract", "..\ConsoleApp22\22_abstract.csproj", "{E7BEF7A5-C380-468B-AEDD-172A04DFB8AE}"
EndProject
Project("{FAE04EC0-301F-11D3-BF4B-00C04F79EFBC}") = "23_delegate_01", "ConsoleApp23\23_delegate_01.csproj", "{3327DF74-F768-4667-8CB9-90CDB95D8B31}"
EndProject
Project("{FAE04EC0-301F-11D3-BF4B-00C04F79EFBC}") = "24_delegate_02_Calc", "ConsoleApp24\24_delegate_02_Calc.csproj", "{2453C894-FA1F-493C-A158-F6F824BD8BAE}"
EndProject
Project("{FAE04EC0-301F-11D3-BF4B-00C04F79EFBC}") = "25_delegate_03_Calc", "ConsoleApp25\25_delegate_03_Calc.csproj", "{8B8AB800-D732-4BBF-9CA3-B23E5D890A4B}"
EndProject
Project("{FAE04EC0-301F-11D3-BF4B-00C04F79EFBC}") = "26_CallBack_methods", "ConsoleApp26\26_CallBack_methods.csproj", "{768E81E7-7984-4085-BB44-AEB6A106B599}"
EndProject
Project("{FAE04EC0-301F-11D3-BF4B-00C04F79EFBC}") = "27_Sort", "ConsoleApp27\27_Sort.csproj", "{29417971-852F-4714-B6E0-E2FD570FC391}"
EndProject
Project("{FAE04EC0-301F-11D3-BF4B-00C04F79EFBC}") = "28_Sort_delegate_int", "ConsoleApp28\28_Sort_delegate_int.csproj", "{0B605F79-C494-4C02-B68F-FDB2ACC97D70}"
EndProject
Project("{FAE04EC0-301F-11D3-BF4B-00C04F79EFBC}") = "29_Sort_delegate_int2", "ConsoleApp29\29_Sort_delegate_int2.csproj", "{1B5D3D59-C811-4B10-B410-C09700510380}"
EndProject
Project("{FAE04EC0-301F-11D3-BF4B-00C04F79EFBC}") = "30_Sort_delegate_string", "ConsoleApp30\30_Sort_delegate_string.csproj", "{9FDF73AD-7845-4777-9676-97D30BA25BF9}"
EndProject
Project("{FAE04EC0-301F-11D3-BF4B-00C04F79EFBC}") = "31_airplane", "ConsoleApp31\31_airplane.csproj", "{3AFB2171-40E8-40A2-A2A0-A6D058E9C1C6}"
EndProject
Project("{FAE04EC0-301F-11D3-BF4B-00C04F79EFBC}") = "32_Sort_object_string", "ConsoleApp6\32_Sort_object_string.csproj", "{EF484362-B9C7-4892-8E41-D7D27E00B932}"
EndProject
Project("{FAE04EC0-301F-11D3-BF4B-00C04F79EFBC}") = "33_interface_01", "..\ConsoleApp1\33_interface_01.csproj", "{D28EBBF9-B492-409B-8951-554282323499}"
EndProject
Project("{FAE04EC0-301F-11D3-BF4B-00C04F79EFBC}") = "34_interface_02", "ConsoleApp22\34_interface_02.csproj", "{59E24B05-60FB-4063-8ABA-920DB8B2FF2F}"
EndProject
Project("{FAE04EC0-301F-11D3-BF4B-00C04F79EFBC}") = "35_interface_03", "ConsoleApp32\35_interface_03.csproj", "{0B831A99-50E9-4D59-990B-BD3E880D65FE}"
EndProject
Project("{FAE04EC0-301F-11D3-BF4B-00C04F79EFBC}") = "36_interface_04", "ConsoleApp33\36_interface_04.csproj", "{2A6C0A22-4D12-4D12-9AA3-0189BF61F4A3}"
EndProject
Project("{FAE04EC0-301F-11D3-BF4B-00C04F79EFBC}") = "37_interface_05", "ConsoleApp34\37_interface_05.csproj", "{1CC5A19A-9B05-434B-BD05-275F712E4DF3}"
EndProject
Project("{FAE04EC0-301F-11D3-BF4B-00C04F79EFBC}") = "38_IComparer", "ConsoleApp35\38_IComparer.csproj", "{6A88D459-EB65-4E0D-B71A-EA89CD964E18}"
EndProject
Project("{FAE04EC0-301F-11D3-BF4B-00C04F79EFBC}") = "39_IEnumerator", "ConsoleApp36\39_IEnumerator.csproj", "{D2D52DAD-0AC4-479F-A21E-675C3559725B}"
EndProject
Project("{FAE04EC0-301F-11D3-BF4B-00C04F79EFBC}") = "40_IEnumerator", "ConsoleApp37\40_IEnumerator.csproj", "{17864BE9-6F97-41B5-9032-A96C2391D27E}"
EndProject
Project("{FAE04EC0-301F-11D3-BF4B-00C04F79EFBC}") = "41_", "ConsoleApp38\41_.csproj", "{8E1557D2-606F-435B-BA7B-D9D0F254AEE5}"
EndProject
Project("{FAE04EC0-301F-11D3-BF4B-00C04F79EFBC}") = "42_Interface_cup", "ConsoleApp39\42_Interface_cup.csproj", "{2F5F10EB-BF81-4A6D-B586-16D9474926CA}"
EndProject
Project("{FAE04EC0-301F-11D3-BF4B-00C04F79EFBC}") = "43_copy", "ConsoleApp40\43_copy.csproj", "{DDD2F132-C132-4C4F-A36A-9E887AB956DB}"
EndProject
Project("{FAE04EC0-301F-11D3-BF4B-00C04F79EFBC}") = "44_DeepCopy_01", "ConsoleApp41\44_DeepCopy_01.csproj", "{29070B03-CE44-4819-9694-F0D2D39E00C9}"
EndProject
Project("{FAE04EC0-301F-11D3-BF4B-00C04F79EFBC}") = "45_DeepCopy_02", "ConsoleApp42\45_DeepCopy_02.csproj", "{3A10612D-3452-4904-A0F9-963CC95C0FF5}"
EndProject
Project("{FAE04EC0-301F-11D3-BF4B-00C04F79EFBC}") = "46_ref", "ConsoleApp43\46_ref.csproj", "{188C3F17-B419-4C1E-9F5C-AD98324C8B46}"
EndProject
Project("{FAE04EC0-301F-11D3-BF4B-00C04F79EFBC}") = "47_ref_copy", "..\ConsoleApp2\47_ref_copy.csproj", "{FF838871-9185-4148-AC3B-68CE04FEA9AE}"
EndProject
Project("{FAE04EC0-301F-11D3-BF4B-00C04F79EFBC}") = "48_ref_swap", "ConsoleApp44\48_ref_swap.csproj", "{E94FDB68-3129-46AC-B641-AA9AF8602662}"
EndProject
Project("{FAE04EC0-301F-11D3-BF4B-00C04F79EFBC}") = "49_divide", "ConsoleApp45\49_divide.csproj", "{BC344380-3314-4C58-81DD-2CE6C4BF337E}"
EndProject
Project("{FAE04EC0-301F-11D3-BF4B-00C04F79EFBC}") = "50_out_Divide", "ConsoleApp46\50_out_Divide.csproj", "{9FF55377-2C04-4F43-B880-FD5ABE41F986}"
EndProject
Project("{FAE04EC0-301F-11D3-BF4B-00C04F79EFBC}") = "51_enum_01", "ConsoleApp47\51_enum_01.csproj", "{9576C1CF-C87D-483B-8969-A3D2430D4C16}"
EndProject
Project("{FAE04EC0-301F-11D3-BF4B-00C04F79EFBC}") = "52_enum_02", "ConsoleApp48\52_enum_02.csproj", "{5EFDA65F-F40D-41B3-B8BD-7AD37174F3EC}"
EndProject
Project("{FAE04EC0-301F-11D3-BF4B-00C04F79EFBC}") = "53_event", "ConsoleApp49\53_event.csproj", "{2151B899-58C8-4655-BC66-669EB95A4B00}"
EndProject
Project("{FAE04EC0-301F-11D3-BF4B-00C04F79EFBC}") = "54_indexer_01", "ConsoleApp50\54_indexer_01.csproj", "{26916F8D-970A-4208-B2EA-FAA97767325A}"
EndProject
Project("{FAE04EC0-301F-11D3-BF4B-00C04F79EFBC}") = "55_indexer_02", "ConsoleApp51\55_indexer_02.csproj", "{94E19C00-745E-4B26-8BCF-C8886B86B925}"
EndProject
Project("{FAE04EC0-301F-11D3-BF4B-00C04F79EFBC}") = "56_ArrayList_01", "ConsoleApp52\56_ArrayList_01.csproj", "{18F526C1-8F2B-47F9-913A-AE0A142F6C6B}"
EndProject
Project("{FAE04EC0-301F-11D3-BF4B-00C04F79EFBC}") = "57_ArrayList_02", "ConsoleApp53\57_ArrayList_02.csproj", "{13408E54-3788-4D0C-839B-42A0EB63296C}"
EndProject
Project("{FAE04EC0-301F-11D3-BF4B-00C04F79EFBC}") = "58_ArrayList_03", "ConsoleApp54\58_ArrayList_03.csproj", "{24D72B42-1E6F-4265-AC27-2C52F0C660B3}"
EndProject
Project("{FAE04EC0-301F-11D3-BF4B-00C04F79EFBC}") = "59_Hashtable", "ConsoleApp55\59_Hashtable.csproj", "{049C4A4B-9283-4700-9530-07176D72797B}"
EndProject
Global
	GlobalSection(SolutionConfigurationPlatforms) = preSolution
		Debug|Any CPU = Debug|Any CPU
		Release|Any CPU = Release|Any CPU
	EndGlobalSection
	GlobalSection(ProjectConfigurationPlatforms) = postSolution
		{131FB58A-CA80-443B-8655-93CDD54C874D}.Debug|Any CPU.ActiveCfg = Debug|Any CPU
		{131FB58A-CA80-443B-8655-93CDD54C874D}.Debug|Any CPU.Build.0 = Debug|Any CPU
		{131FB58A-CA80-443B-8655-93CDD54C874D}.Release|Any CPU.ActiveCfg = Release|Any CPU
		{131FB58A-CA80-443B-8655-93CDD54C874D}.Release|Any CPU.Build.0 = Release|Any CPU
		{FFC1515B-7E20-4D99-91D1-DFAC0A8C98D6}.Debug|Any CPU.ActiveCfg = Debug|Any CPU
		{FFC1515B-7E20-4D99-91D1-DFAC0A8C98D6}.Debug|Any CPU.Build.0 = Debug|Any CPU
		{FFC1515B-7E20-4D99-91D1-DFAC0A8C98D6}.Release|Any CPU.ActiveCfg = Release|Any CPU
		{FFC1515B-7E20-4D99-91D1-DFAC0A8C98D6}.Release|Any CPU.Build.0 = Release|Any CPU
		{EC85EDC4-461B-4F5F-BA00-858CF7C65C9C}.Debug|Any CPU.ActiveCfg = Debug|Any CPU
		{EC85EDC4-461B-4F5F-BA00-858CF7C65C9C}.Debug|Any CPU.Build.0 = Debug|Any CPU
		{EC85EDC4-461B-4F5F-BA00-858CF7C65C9C}.Release|Any CPU.ActiveCfg = Release|Any CPU
		{EC85EDC4-461B-4F5F-BA00-858CF7C65C9C}.Release|Any CPU.Build.0 = Release|Any CPU
		{1330F25C-9A80-4927-BB0D-10C2C815209D}.Debug|Any CPU.ActiveCfg = Debug|Any CPU
		{1330F25C-9A80-4927-BB0D-10C2C815209D}.Debug|Any CPU.Build.0 = Debug|Any CPU
		{1330F25C-9A80-4927-BB0D-10C2C815209D}.Release|Any CPU.ActiveCfg = Release|Any CPU
		{1330F25C-9A80-4927-BB0D-10C2C815209D}.Release|Any CPU.Build.0 = Release|Any CPU
		{AF2D9888-4B48-49DB-A3D3-48BCB87F2E26}.Debug|Any CPU.ActiveCfg = Debug|Any CPU
		{AF2D9888-4B48-49DB-A3D3-48BCB87F2E26}.Debug|Any CPU.Build.0 = Debug|Any CPU
		{AF2D9888-4B48-49DB-A3D3-48BCB87F2E26}.Release|Any CPU.ActiveCfg = Release|Any CPU
		{AF2D9888-4B48-49DB-A3D3-48BCB87F2E26}.Release|Any CPU.Build.0 = Release|Any CPU
		{ACE22E72-93FB-463F-831E-13E65F174A9E}.Debug|Any CPU.ActiveCfg = Debug|Any CPU
		{ACE22E72-93FB-463F-831E-13E65F174A9E}.Debug|Any CPU.Build.0 = Debug|Any CPU
		{ACE22E72-93FB-463F-831E-13E65F174A9E}.Release|Any CPU.ActiveCfg = Release|Any CPU
		{ACE22E72-93FB-463F-831E-13E65F174A9E}.Release|Any CPU.Build.0 = Release|Any CPU
		{141B99B3-079B-4C99-BFEC-2D454C5E85F7}.Debug|Any CPU.ActiveCfg = Debug|Any CPU
		{141B99B3-079B-4C99-BFEC-2D454C5E85F7}.Debug|Any CPU.Build.0 = Debug|Any CPU
		{141B99B3-079B-4C99-BFEC-2D454C5E85F7}.Release|Any CPU.ActiveCfg = Release|Any CPU
		{141B99B3-079B-4C99-BFEC-2D454C5E85F7}.Release|Any CPU.Build.0 = Release|Any CPU
		{858FCD85-AD2B-47AD-8734-A4A92A67799E}.Debug|Any CPU.ActiveCfg = Debug|Any CPU
		{858FCD85-AD2B-47AD-8734-A4A92A67799E}.Debug|Any CPU.Build.0 = Debug|Any CPU
		{858FCD85-AD2B-47AD-8734-A4A92A67799E}.Release|Any CPU.ActiveCfg = Release|Any CPU
		{858FCD85-AD2B-47AD-8734-A4A92A67799E}.Release|Any CPU.Build.0 = Release|Any CPU
		{77402ABE-8316-49F7-B347-4A4865D1D2B2}.Debug|Any CPU.ActiveCfg = Debug|Any CPU
		{77402ABE-8316-49F7-B347-4A4865D1D2B2}.Debug|Any CPU.Build.0 = Debug|Any CPU
		{77402ABE-8316-49F7-B347-4A4865D1D2B2}.Release|Any CPU.ActiveCfg = Release|Any CPU
		{77402ABE-8316-49F7-B347-4A4865D1D2B2}.Release|Any CPU.Build.0 = Release|Any CPU
		{374920D2-191A-421F-B13B-0205BAB97057}.Debug|Any CPU.ActiveCfg = Debug|Any CPU
		{374920D2-191A-421F-B13B-0205BAB97057}.Debug|Any CPU.Build.0 = Debug|Any CPU
		{374920D2-191A-421F-B13B-0205BAB97057}.Release|Any CPU.ActiveCfg = Release|Any CPU
		{374920D2-191A-421F-B13B-0205BAB97057}.Release|Any CPU.Build.0 = Release|Any CPU
		{F7DA5A37-A551-432F-82B9-9F8391957F47}.Debug|Any CPU.ActiveCfg = Debug|Any CPU
		{F7DA5A37-A551-432F-82B9-9F8391957F47}.Debug|Any CPU.Build.0 = Debug|Any CPU
		{F7DA5A37-A551-432F-82B9-9F8391957F47}.Release|Any CPU.ActiveCfg = Release|Any CPU
		{F7DA5A37-A551-432F-82B9-9F8391957F47}.Release|Any CPU.Build.0 = Release|Any CPU
		{7CE70F83-3E1E-470C-A3FF-5B27A6A2BB5F}.Debug|Any CPU.ActiveCfg = Debug|Any CPU
		{7CE70F83-3E1E-470C-A3FF-5B27A6A2BB5F}.Debug|Any CPU.Build.0 = Debug|Any CPU
		{7CE70F83-3E1E-470C-A3FF-5B27A6A2BB5F}.Release|Any CPU.ActiveCfg = Release|Any CPU
		{7CE70F83-3E1E-470C-A3FF-5B27A6A2BB5F}.Release|Any CPU.Build.0 = Release|Any CPU
		{8B9865E7-5B2C-4456-AA57-CE4779A9953B}.Debug|Any CPU.ActiveCfg = Debug|Any CPU
		{8B9865E7-5B2C-4456-AA57-CE4779A9953B}.Debug|Any CPU.Build.0 = Debug|Any CPU
		{8B9865E7-5B2C-4456-AA57-CE4779A9953B}.Release|Any CPU.ActiveCfg = Release|Any CPU
		{8B9865E7-5B2C-4456-AA57-CE4779A9953B}.Release|Any CPU.Build.0 = Release|Any CPU
		{C773E027-4014-4BE8-8145-34AC9DA43F9E}.Debug|Any CPU.ActiveCfg = Debug|Any CPU
		{C773E027-4014-4BE8-8145-34AC9DA43F9E}.Debug|Any CPU.Build.0 = Debug|Any CPU
		{C773E027-4014-4BE8-8145-34AC9DA43F9E}.Release|Any CPU.ActiveCfg = Release|Any CPU
		{C773E027-4014-4BE8-8145-34AC9DA43F9E}.Release|Any CPU.Build.0 = Release|Any CPU
		{73FEAE15-09CD-44AD-B354-DE0E82856225}.Debug|Any CPU.ActiveCfg = Debug|Any CPU
		{73FEAE15-09CD-44AD-B354-DE0E82856225}.Debug|Any CPU.Build.0 = Debug|Any CPU
		{73FEAE15-09CD-44AD-B354-DE0E82856225}.Release|Any CPU.ActiveCfg = Release|Any CPU
		{73FEAE15-09CD-44AD-B354-DE0E82856225}.Release|Any CPU.Build.0 = Release|Any CPU
		{3A25EF59-DDBE-4693-9DFD-1C30C58A9B9E}.Debug|Any CPU.ActiveCfg = Debug|Any CPU
		{3A25EF59-DDBE-4693-9DFD-1C30C58A9B9E}.Debug|Any CPU.Build.0 = Debug|Any CPU
		{3A25EF59-DDBE-4693-9DFD-1C30C58A9B9E}.Release|Any CPU.ActiveCfg = Release|Any CPU
		{3A25EF59-DDBE-4693-9DFD-1C30C58A9B9E}.Release|Any CPU.Build.0 = Release|Any CPU
		{D254D4A4-6AC1-45CF-BD58-510D6D11FC6E}.Debug|Any CPU.ActiveCfg = Debug|Any CPU
		{D254D4A4-6AC1-45CF-BD58-510D6D11FC6E}.Debug|Any CPU.Build.0 = Debug|Any CPU
		{D254D4A4-6AC1-45CF-BD58-510D6D11FC6E}.Release|Any CPU.ActiveCfg = Release|Any CPU
		{D254D4A4-6AC1-45CF-BD58-510D6D11FC6E}.Release|Any CPU.Build.0 = Release|Any CPU
		{F5957F82-9505-487F-85A4-87796C225F44}.Debug|Any CPU.ActiveCfg = Debug|Any CPU
		{F5957F82-9505-487F-85A4-87796C225F44}.Debug|Any CPU.Build.0 = Debug|Any CPU
		{F5957F82-9505-487F-85A4-87796C225F44}.Release|Any CPU.ActiveCfg = Release|Any CPU
		{F5957F82-9505-487F-85A4-87796C225F44}.Release|Any CPU.Build.0 = Release|Any CPU
		{8E3159D7-7F7F-4D91-923C-088848BEDD55}.Debug|Any CPU.ActiveCfg = Debug|Any CPU
		{8E3159D7-7F7F-4D91-923C-088848BEDD55}.Debug|Any CPU.Build.0 = Debug|Any CPU
		{8E3159D7-7F7F-4D91-923C-088848BEDD55}.Release|Any CPU.ActiveCfg = Release|Any CPU
		{8E3159D7-7F7F-4D91-923C-088848BEDD55}.Release|Any CPU.Build.0 = Release|Any CPU
		{DED78BBB-85AC-459B-A41F-0D709D158844}.Debug|Any CPU.ActiveCfg = Debug|Any CPU
		{DED78BBB-85AC-459B-A41F-0D709D158844}.Debug|Any CPU.Build.0 = Debug|Any CPU
		{DED78BBB-85AC-459B-A41F-0D709D158844}.Release|Any CPU.ActiveCfg = Release|Any CPU
		{DED78BBB-85AC-459B-A41F-0D709D158844}.Release|Any CPU.Build.0 = Release|Any CPU
		{F11E9109-4B9C-4B67-9AC2-568E1EB4429E}.Debug|Any CPU.ActiveCfg = Debug|Any CPU
		{F11E9109-4B9C-4B67-9AC2-568E1EB4429E}.Debug|Any CPU.Build.0 = Debug|Any CPU
		{F11E9109-4B9C-4B67-9AC2-568E1EB4429E}.Release|Any CPU.ActiveCfg = Release|Any CPU
		{F11E9109-4B9C-4B67-9AC2-568E1EB4429E}.Release|Any CPU.Build.0 = Release|Any CPU
		{12F2EBDF-93B1-4E68-B6F4-5B9E58E71AA1}.Debug|Any CPU.ActiveCfg = Debug|Any CPU
		{12F2EBDF-93B1-4E68-B6F4-5B9E58E71AA1}.Debug|Any CPU.Build.0 = Debug|Any CPU
		{12F2EBDF-93B1-4E68-B6F4-5B9E58E71AA1}.Release|Any CPU.ActiveCfg = Release|Any CPU
		{12F2EBDF-93B1-4E68-B6F4-5B9E58E71AA1}.Release|Any CPU.Build.0 = Release|Any CPU
		{4B93C417-09E2-4BDD-BD00-FE47EACF26FA}.Debug|Any CPU.ActiveCfg = Debug|Any CPU
		{4B93C417-09E2-4BDD-BD00-FE47EACF26FA}.Debug|Any CPU.Build.0 = Debug|Any CPU
		{4B93C417-09E2-4BDD-BD00-FE47EACF26FA}.Release|Any CPU.ActiveCfg = Release|Any CPU
		{4B93C417-09E2-4BDD-BD00-FE47EACF26FA}.Release|Any CPU.Build.0 = Release|Any CPU
		{E7BEF7A5-C380-468B-AEDD-172A04DFB8AE}.Debug|Any CPU.ActiveCfg = Debug|Any CPU
		{E7BEF7A5-C380-468B-AEDD-172A04DFB8AE}.Debug|Any CPU.Build.0 = Debug|Any CPU
		{E7BEF7A5-C380-468B-AEDD-172A04DFB8AE}.Release|Any CPU.ActiveCfg = Release|Any CPU
		{E7BEF7A5-C380-468B-AEDD-172A04DFB8AE}.Release|Any CPU.Build.0 = Release|Any CPU
		{3327DF74-F768-4667-8CB9-90CDB95D8B31}.Debug|Any CPU.ActiveCfg = Debug|Any CPU
		{3327DF74-F768-4667-8CB9-90CDB95D8B31}.Debug|Any CPU.Build.0 = Debug|Any CPU
		{3327DF74-F768-4667-8CB9-90CDB95D8B31}.Release|Any CPU.ActiveCfg = Release|Any CPU
		{3327DF74-F768-4667-8CB9-90CDB95D8B31}.Release|Any CPU.Build.0 = Release|Any CPU
		{2453C894-FA1F-493C-A158-F6F824BD8BAE}.Debug|Any CPU.ActiveCfg = Debug|Any CPU
		{2453C894-FA1F-493C-A158-F6F824BD8BAE}.Debug|Any CPU.Build.0 = Debug|Any CPU
		{2453C894-FA1F-493C-A158-F6F824BD8BAE}.Release|Any CPU.ActiveCfg = Release|Any CPU
		{2453C894-FA1F-493C-A158-F6F824BD8BAE}.Release|Any CPU.Build.0 = Release|Any CPU
		{8B8AB800-D732-4BBF-9CA3-B23E5D890A4B}.Debug|Any CPU.ActiveCfg = Debug|Any CPU
		{8B8AB800-D732-4BBF-9CA3-B23E5D890A4B}.Debug|Any CPU.Build.0 = Debug|Any CPU
		{8B8AB800-D732-4BBF-9CA3-B23E5D890A4B}.Release|Any CPU.ActiveCfg = Release|Any CPU
		{8B8AB800-D732-4BBF-9CA3-B23E5D890A4B}.Release|Any CPU.Build.0 = Release|Any CPU
		{768E81E7-7984-4085-BB44-AEB6A106B599}.Debug|Any CPU.ActiveCfg = Debug|Any CPU
		{768E81E7-7984-4085-BB44-AEB6A106B599}.Debug|Any CPU.Build.0 = Debug|Any CPU
		{768E81E7-7984-4085-BB44-AEB6A106B599}.Release|Any CPU.ActiveCfg = Release|Any CPU
		{768E81E7-7984-4085-BB44-AEB6A106B599}.Release|Any CPU.Build.0 = Release|Any CPU
		{29417971-852F-4714-B6E0-E2FD570FC391}.Debug|Any CPU.ActiveCfg = Debug|Any CPU
		{29417971-852F-4714-B6E0-E2FD570FC391}.Debug|Any CPU.Build.0 = Debug|Any CPU
		{29417971-852F-4714-B6E0-E2FD570FC391}.Release|Any CPU.ActiveCfg = Release|Any CPU
		{29417971-852F-4714-B6E0-E2FD570FC391}.Release|Any CPU.Build.0 = Release|Any CPU
		{0B605F79-C494-4C02-B68F-FDB2ACC97D70}.Debug|Any CPU.ActiveCfg = Debug|Any CPU
		{0B605F79-C494-4C02-B68F-FDB2ACC97D70}.Debug|Any CPU.Build.0 = Debug|Any CPU
		{0B605F79-C494-4C02-B68F-FDB2ACC97D70}.Release|Any CPU.ActiveCfg = Release|Any CPU
		{0B605F79-C494-4C02-B68F-FDB2ACC97D70}.Release|Any CPU.Build.0 = Release|Any CPU
		{1B5D3D59-C811-4B10-B410-C09700510380}.Debug|Any CPU.ActiveCfg = Debug|Any CPU
		{1B5D3D59-C811-4B10-B410-C09700510380}.Debug|Any CPU.Build.0 = Debug|Any CPU
		{1B5D3D59-C811-4B10-B410-C09700510380}.Release|Any CPU.ActiveCfg = Release|Any CPU
		{1B5D3D59-C811-4B10-B410-C09700510380}.Release|Any CPU.Build.0 = Release|Any CPU
		{9FDF73AD-7845-4777-9676-97D30BA25BF9}.Debug|Any CPU.ActiveCfg = Debug|Any CPU
		{9FDF73AD-7845-4777-9676-97D30BA25BF9}.Debug|Any CPU.Build.0 = Debug|Any CPU
		{9FDF73AD-7845-4777-9676-97D30BA25BF9}.Release|Any CPU.ActiveCfg = Release|Any CPU
		{9FDF73AD-7845-4777-9676-97D30BA25BF9}.Release|Any CPU.Build.0 = Release|Any CPU
		{3AFB2171-40E8-40A2-A2A0-A6D058E9C1C6}.Debug|Any CPU.ActiveCfg = Debug|Any CPU
		{3AFB2171-40E8-40A2-A2A0-A6D058E9C1C6}.Debug|Any CPU.Build.0 = Debug|Any CPU
		{3AFB2171-40E8-40A2-A2A0-A6D058E9C1C6}.Release|Any CPU.ActiveCfg = Release|Any CPU
		{3AFB2171-40E8-40A2-A2A0-A6D058E9C1C6}.Release|Any CPU.Build.0 = Release|Any CPU
		{EF484362-B9C7-4892-8E41-D7D27E00B932}.Debug|Any CPU.ActiveCfg = Debug|Any CPU
		{EF484362-B9C7-4892-8E41-D7D27E00B932}.Debug|Any CPU.Build.0 = Debug|Any CPU
		{EF484362-B9C7-4892-8E41-D7D27E00B932}.Release|Any CPU.ActiveCfg = Release|Any CPU
		{EF484362-B9C7-4892-8E41-D7D27E00B932}.Release|Any CPU.Build.0 = Release|Any CPU
		{D28EBBF9-B492-409B-8951-554282323499}.Debug|Any CPU.ActiveCfg = Debug|Any CPU
		{D28EBBF9-B492-409B-8951-554282323499}.Debug|Any CPU.Build.0 = Debug|Any CPU
		{D28EBBF9-B492-409B-8951-554282323499}.Release|Any CPU.ActiveCfg = Release|Any CPU
		{D28EBBF9-B492-409B-8951-554282323499}.Release|Any CPU.Build.0 = Release|Any CPU
		{59E24B05-60FB-4063-8ABA-920DB8B2FF2F}.Debug|Any CPU.ActiveCfg = Debug|Any CPU
		{59E24B05-60FB-4063-8ABA-920DB8B2FF2F}.Debug|Any CPU.Build.0 = Debug|Any CPU
		{59E24B05-60FB-4063-8ABA-920DB8B2FF2F}.Release|Any CPU.ActiveCfg = Release|Any CPU
		{59E24B05-60FB-4063-8ABA-920DB8B2FF2F}.Release|Any CPU.Build.0 = Release|Any CPU
		{0B831A99-50E9-4D59-990B-BD3E880D65FE}.Debug|Any CPU.ActiveCfg = Debug|Any CPU
		{0B831A99-50E9-4D59-990B-BD3E880D65FE}.Debug|Any CPU.Build.0 = Debug|Any CPU
		{0B831A99-50E9-4D59-990B-BD3E880D65FE}.Release|Any CPU.ActiveCfg = Release|Any CPU
		{0B831A99-50E9-4D59-990B-BD3E880D65FE}.Release|Any CPU.Build.0 = Release|Any CPU
		{2A6C0A22-4D12-4D12-9AA3-0189BF61F4A3}.Debug|Any CPU.ActiveCfg = Debug|Any CPU
		{2A6C0A22-4D12-4D12-9AA3-0189BF61F4A3}.Debug|Any CPU.Build.0 = Debug|Any CPU
		{2A6C0A22-4D12-4D12-9AA3-0189BF61F4A3}.Release|Any CPU.ActiveCfg = Release|Any CPU
		{2A6C0A22-4D12-4D12-9AA3-0189BF61F4A3}.Release|Any CPU.Build.0 = Release|Any CPU
		{1CC5A19A-9B05-434B-BD05-275F712E4DF3}.Debug|Any CPU.ActiveCfg = Debug|Any CPU
		{1CC5A19A-9B05-434B-BD05-275F712E4DF3}.Debug|Any CPU.Build.0 = Debug|Any CPU
		{1CC5A19A-9B05-434B-BD05-275F712E4DF3}.Release|Any CPU.ActiveCfg = Release|Any CPU
		{1CC5A19A-9B05-434B-BD05-275F712E4DF3}.Release|Any CPU.Build.0 = Release|Any CPU
		{6A88D459-EB65-4E0D-B71A-EA89CD964E18}.Debug|Any CPU.ActiveCfg = Debug|Any CPU
		{6A88D459-EB65-4E0D-B71A-EA89CD964E18}.Debug|Any CPU.Build.0 = Debug|Any CPU
		{6A88D459-EB65-4E0D-B71A-EA89CD964E18}.Release|Any CPU.ActiveCfg = Release|Any CPU
		{6A88D459-EB65-4E0D-B71A-EA89CD964E18}.Release|Any CPU.Build.0 = Release|Any CPU
		{D2D52DAD-0AC4-479F-A21E-675C3559725B}.Debug|Any CPU.ActiveCfg = Debug|Any CPU
		{D2D52DAD-0AC4-479F-A21E-675C3559725B}.Debug|Any CPU.Build.0 = Debug|Any CPU
		{D2D52DAD-0AC4-479F-A21E-675C3559725B}.Release|Any CPU.ActiveCfg = Release|Any CPU
		{D2D52DAD-0AC4-479F-A21E-675C3559725B}.Release|Any CPU.Build.0 = Release|Any CPU
		{17864BE9-6F97-41B5-9032-A96C2391D27E}.Debug|Any CPU.ActiveCfg = Debug|Any CPU
		{17864BE9-6F97-41B5-9032-A96C2391D27E}.Debug|Any CPU.Build.0 = Debug|Any CPU
		{17864BE9-6F97-41B5-9032-A96C2391D27E}.Release|Any CPU.ActiveCfg = Release|Any CPU
		{17864BE9-6F97-41B5-9032-A96C2391D27E}.Release|Any CPU.Build.0 = Release|Any CPU
		{8E1557D2-606F-435B-BA7B-D9D0F254AEE5}.Debug|Any CPU.ActiveCfg = Debug|Any CPU
		{8E1557D2-606F-435B-BA7B-D9D0F254AEE5}.Debug|Any CPU.Build.0 = Debug|Any CPU
		{8E1557D2-606F-435B-BA7B-D9D0F254AEE5}.Release|Any CPU.ActiveCfg = Release|Any CPU
		{8E1557D2-606F-435B-BA7B-D9D0F254AEE5}.Release|Any CPU.Build.0 = Release|Any CPU
		{2F5F10EB-BF81-4A6D-B586-16D9474926CA}.Debug|Any CPU.ActiveCfg = Debug|Any CPU
		{2F5F10EB-BF81-4A6D-B586-16D9474926CA}.Debug|Any CPU.Build.0 = Debug|Any CPU
		{2F5F10EB-BF81-4A6D-B586-16D9474926CA}.Release|Any CPU.ActiveCfg = Release|Any CPU
		{2F5F10EB-BF81-4A6D-B586-16D9474926CA}.Release|Any CPU.Build.0 = Release|Any CPU
		{DDD2F132-C132-4C4F-A36A-9E887AB956DB}.Debug|Any CPU.ActiveCfg = Debug|Any CPU
		{DDD2F132-C132-4C4F-A36A-9E887AB956DB}.Debug|Any CPU.Build.0 = Debug|Any CPU
		{DDD2F132-C132-4C4F-A36A-9E887AB956DB}.Release|Any CPU.ActiveCfg = Release|Any CPU
		{DDD2F132-C132-4C4F-A36A-9E887AB956DB}.Release|Any CPU.Build.0 = Release|Any CPU
		{29070B03-CE44-4819-9694-F0D2D39E00C9}.Debug|Any CPU.ActiveCfg = Debug|Any CPU
		{29070B03-CE44-4819-9694-F0D2D39E00C9}.Debug|Any CPU.Build.0 = Debug|Any CPU
		{29070B03-CE44-4819-9694-F0D2D39E00C9}.Release|Any CPU.ActiveCfg = Release|Any CPU
		{29070B03-CE44-4819-9694-F0D2D39E00C9}.Release|Any CPU.Build.0 = Release|Any CPU
		{3A10612D-3452-4904-A0F9-963CC95C0FF5}.Debug|Any CPU.ActiveCfg = Debug|Any CPU
		{3A10612D-3452-4904-A0F9-963CC95C0FF5}.Debug|Any CPU.Build.0 = Debug|Any CPU
		{3A10612D-3452-4904-A0F9-963CC95C0FF5}.Release|Any CPU.ActiveCfg = Release|Any CPU
		{3A10612D-3452-4904-A0F9-963CC95C0FF5}.Release|Any CPU.Build.0 = Release|Any CPU
		{188C3F17-B419-4C1E-9F5C-AD98324C8B46}.Debug|Any CPU.ActiveCfg = Debug|Any CPU
		{188C3F17-B419-4C1E-9F5C-AD98324C8B46}.Debug|Any CPU.Build.0 = Debug|Any CPU
		{188C3F17-B419-4C1E-9F5C-AD98324C8B46}.Release|Any CPU.ActiveCfg = Release|Any CPU
		{188C3F17-B419-4C1E-9F5C-AD98324C8B46}.Release|Any CPU.Build.0 = Release|Any CPU
		{FF838871-9185-4148-AC3B-68CE04FEA9AE}.Debug|Any CPU.ActiveCfg = Debug|Any CPU
		{FF838871-9185-4148-AC3B-68CE04FEA9AE}.Debug|Any CPU.Build.0 = Debug|Any CPU
		{FF838871-9185-4148-AC3B-68CE04FEA9AE}.Release|Any CPU.ActiveCfg = Release|Any CPU
		{FF838871-9185-4148-AC3B-68CE04FEA9AE}.Release|Any CPU.Build.0 = Release|Any CPU
		{E94FDB68-3129-46AC-B641-AA9AF8602662}.Debug|Any CPU.ActiveCfg = Debug|Any CPU
		{E94FDB68-3129-46AC-B641-AA9AF8602662}.Debug|Any CPU.Build.0 = Debug|Any CPU
		{E94FDB68-3129-46AC-B641-AA9AF8602662}.Release|Any CPU.ActiveCfg = Release|Any CPU
		{E94FDB68-3129-46AC-B641-AA9AF8602662}.Release|Any CPU.Build.0 = Release|Any CPU
		{BC344380-3314-4C58-81DD-2CE6C4BF337E}.Debug|Any CPU.ActiveCfg = Debug|Any CPU
		{BC344380-3314-4C58-81DD-2CE6C4BF337E}.Debug|Any CPU.Build.0 = Debug|Any CPU
		{BC344380-3314-4C58-81DD-2CE6C4BF337E}.Release|Any CPU.ActiveCfg = Release|Any CPU
		{BC344380-3314-4C58-81DD-2CE6C4BF337E}.Release|Any CPU.Build.0 = Release|Any CPU
		{9FF55377-2C04-4F43-B880-FD5ABE41F986}.Debug|Any CPU.ActiveCfg = Debug|Any CPU
		{9FF55377-2C04-4F43-B880-FD5ABE41F986}.Debug|Any CPU.Build.0 = Debug|Any CPU
		{9FF55377-2C04-4F43-B880-FD5ABE41F986}.Release|Any CPU.ActiveCfg = Release|Any CPU
		{9FF55377-2C04-4F43-B880-FD5ABE41F986}.Release|Any CPU.Build.0 = Release|Any CPU
		{9576C1CF-C87D-483B-8969-A3D2430D4C16}.Debug|Any CPU.ActiveCfg = Debug|Any CPU
		{9576C1CF-C87D-483B-8969-A3D2430D4C16}.Debug|Any CPU.Build.0 = Debug|Any CPU
		{9576C1CF-C87D-483B-8969-A3D2430D4C16}.Release|Any CPU.ActiveCfg = Release|Any CPU
		{9576C1CF-C87D-483B-8969-A3D2430D4C16}.Release|Any CPU.Build.0 = Release|Any CPU
		{5EFDA65F-F40D-41B3-B8BD-7AD37174F3EC}.Debug|Any CPU.ActiveCfg = Debug|Any CPU
		{5EFDA65F-F40D-41B3-B8BD-7AD37174F3EC}.Debug|Any CPU.Build.0 = Debug|Any CPU
		{5EFDA65F-F40D-41B3-B8BD-7AD37174F3EC}.Release|Any CPU.ActiveCfg = Release|Any CPU
		{5EFDA65F-F40D-41B3-B8BD-7AD37174F3EC}.Release|Any CPU.Build.0 = Release|Any CPU
		{2151B899-58C8-4655-BC66-669EB95A4B00}.Debug|Any CPU.ActiveCfg = Debug|Any CPU
		{2151B899-58C8-4655-BC66-669EB95A4B00}.Debug|Any CPU.Build.0 = Debug|Any CPU
		{2151B899-58C8-4655-BC66-669EB95A4B00}.Release|Any CPU.ActiveCfg = Release|Any CPU
		{2151B899-58C8-4655-BC66-669EB95A4B00}.Release|Any CPU.Build.0 = Release|Any CPU
		{26916F8D-970A-4208-B2EA-FAA97767325A}.Debug|Any CPU.ActiveCfg = Debug|Any CPU
		{26916F8D-970A-4208-B2EA-FAA97767325A}.Debug|Any CPU.Build.0 = Debug|Any CPU
		{26916F8D-970A-4208-B2EA-FAA97767325A}.Release|Any CPU.ActiveCfg = Release|Any CPU
		{26916F8D-970A-4208-B2EA-FAA97767325A}.Release|Any CPU.Build.0 = Release|Any CPU
		{94E19C00-745E-4B26-8BCF-C8886B86B925}.Debug|Any CPU.ActiveCfg = Debug|Any CPU
		{94E19C00-745E-4B26-8BCF-C8886B86B925}.Debug|Any CPU.Build.0 = Debug|Any CPU
		{94E19C00-745E-4B26-8BCF-C8886B86B925}.Release|Any CPU.ActiveCfg = Release|Any CPU
		{94E19C00-745E-4B26-8BCF-C8886B86B925}.Release|Any CPU.Build.0 = Release|Any CPU
		{18F526C1-8F2B-47F9-913A-AE0A142F6C6B}.Debug|Any CPU.ActiveCfg = Debug|Any CPU
		{18F526C1-8F2B-47F9-913A-AE0A142F6C6B}.Debug|Any CPU.Build.0 = Debug|Any CPU
		{18F526C1-8F2B-47F9-913A-AE0A142F6C6B}.Release|Any CPU.ActiveCfg = Release|Any CPU
		{18F526C1-8F2B-47F9-913A-AE0A142F6C6B}.Release|Any CPU.Build.0 = Release|Any CPU
		{13408E54-3788-4D0C-839B-42A0EB63296C}.Debug|Any CPU.ActiveCfg = Debug|Any CPU
		{13408E54-3788-4D0C-839B-42A0EB63296C}.Debug|Any CPU.Build.0 = Debug|Any CPU
		{13408E54-3788-4D0C-839B-42A0EB63296C}.Release|Any CPU.ActiveCfg = Release|Any CPU
		{13408E54-3788-4D0C-839B-42A0EB63296C}.Release|Any CPU.Build.0 = Release|Any CPU
		{24D72B42-1E6F-4265-AC27-2C52F0C660B3}.Debug|Any CPU.ActiveCfg = Debug|Any CPU
		{24D72B42-1E6F-4265-AC27-2C52F0C660B3}.Debug|Any CPU.Build.0 = Debug|Any CPU
		{24D72B42-1E6F-4265-AC27-2C52F0C660B3}.Release|Any CPU.ActiveCfg = Release|Any CPU
		{24D72B42-1E6F-4265-AC27-2C52F0C660B3}.Release|Any CPU.Build.0 = Release|Any CPU
		{049C4A4B-9283-4700-9530-07176D72797B}.Debug|Any CPU.ActiveCfg = Debug|Any CPU
		{049C4A4B-9283-4700-9530-07176D72797B}.Debug|Any CPU.Build.0 = Debug|Any CPU
		{049C4A4B-9283-4700-9530-07176D72797B}.Release|Any CPU.ActiveCfg = Release|Any CPU
		{049C4A4B-9283-4700-9530-07176D72797B}.Release|Any CPU.Build.0 = Release|Any CPU
	EndGlobalSection
	GlobalSection(SolutionProperties) = preSolution
		HideSolutionNode = FALSE
	EndGlobalSection
	GlobalSection(ExtensibilityGlobals) = postSolution
		SolutionGuid = {3321A247-7D15-4D07-8542-C9DCF2F7B92D}
	EndGlobalSection
EndGlobal
