
Microsoft Visual Studio Solution File, Format Version 12.00
# Visual Studio 15
VisualStudioVersion = 15.0.27004.2005
MinimumVisualStudioVersion = 10.0.40219.1
Project("{FAE04EC0-301F-11D3-BF4B-00C04F79EFBC}") = "Chapter01", "Chapter01.csproj", "{131FB58A-CA80-443B-8655-93CDD54C874D}"
EndProject
Project("{FAE04EC0-301F-11D3-BF4B-00C04F79EFBC}") = "Person", "..\Person\Person.csproj", "{FFC1515B-7E20-4D99-91D1-DFAC0A8C98D6}"
EndProject
Project("{FAE04EC0-301F-11D3-BF4B-00C04F79EFBC}") = "ConsoleApp1", "ConsoleApp1\ConsoleApp1.csproj", "{EC85EDC4-461B-4F5F-BA00-858CF7C65C9C}"
EndProject
Project("{FAE04EC0-301F-11D3-BF4B-00C04F79EFBC}") = "ConsoleApp2", "ConsoleApp2\ConsoleApp2.csproj", "{1330F25C-9A80-4927-BB0D-10C2C815209D}"
EndProject
Project("{FAE04EC0-301F-11D3-BF4B-00C04F79EFBC}") = "ConsoleApp3", "ConsoleApp3\ConsoleApp3.csproj", "{AF2D9888-4B48-49DB-A3D3-48BCB87F2E26}"
EndProject
Project("{FAE04EC0-301F-11D3-BF4B-00C04F79EFBC}") = "ConsoleApp4", "ConsoleApp4\ConsoleApp4.csproj", "{ACE22E72-93FB-463F-831E-13E65F174A9E}"
EndProject
Project("{FAE04EC0-301F-11D3-BF4B-00C04F79EFBC}") = "ConsoleApp5", "ConsoleApp5\ConsoleApp5.csproj", "{141B99B3-079B-4C99-BFEC-2D454C5E85F7}"
EndProject
Global
	GlobalSection(SolutionConfigurationPlatforms) = preSolution
		Debug|Any CPU = Debug|Any CPU
		Release|Any CPU = Release|Any CPU
	EndGlobalSection
	GlobalSection(ProjectConfigurationPlatforms) = postSolution
		{131FB58A-CA80-443B-8655-93CDD54C874D}.Debug|Any CPU.ActiveCfg = Debug|Any CPU
		{131FB58A-CA80-443B-8655-93CDD54C874D}.Debug|Any CPU.Build.0 = Debug|Any CPU
		{131FB58A-CA80-443B-8655-93CDD54C874D}.Release|Any CPU.ActiveCfg = Release|Any CPU
		{131FB58A-CA80-443B-8655-93CDD54C874D}.Release|Any CPU.Build.0 = Release|Any CPU
		{FFC1515B-7E20-4D99-91D1-DFAC0A8C98D6}.Debug|Any CPU.ActiveCfg = Debug|Any CPU
		{FFC1515B-7E20-4D99-91D1-DFAC0A8C98D6}.Debug|Any CPU.Build.0 = Debug|Any CPU
		{FFC1515B-7E20-4D99-91D1-DFAC0A8C98D6}.Release|Any CPU.ActiveCfg = Release|Any CPU
		{FFC1515B-7E20-4D99-91D1-DFAC0A8C98D6}.Release|Any CPU.Build.0 = Release|Any CPU
		{EC85EDC4-461B-4F5F-BA00-858CF7C65C9C}.Debug|Any CPU.ActiveCfg = Debug|Any CPU
		{EC85EDC4-461B-4F5F-BA00-858CF7C65C9C}.Debug|Any CPU.Build.0 = Debug|Any CPU
		{EC85EDC4-461B-4F5F-BA00-858CF7C65C9C}.Release|Any CPU.ActiveCfg = Release|Any CPU
		{EC85EDC4-461B-4F5F-BA00-858CF7C65C9C}.Release|Any CPU.Build.0 = Release|Any CPU
		{1330F25C-9A80-4927-BB0D-10C2C815209D}.Debug|Any CPU.ActiveCfg = Debug|Any CPU
		{1330F25C-9A80-4927-BB0D-10C2C815209D}.Debug|Any CPU.Build.0 = Debug|Any CPU
		{1330F25C-9A80-4927-BB0D-10C2C815209D}.Release|Any CPU.ActiveCfg = Release|Any CPU
		{1330F25C-9A80-4927-BB0D-10C2C815209D}.Release|Any CPU.Build.0 = Release|Any CPU
		{AF2D9888-4B48-49DB-A3D3-48BCB87F2E26}.Debug|Any CPU.ActiveCfg = Debug|Any CPU
		{AF2D9888-4B48-49DB-A3D3-48BCB87F2E26}.Debug|Any CPU.Build.0 = Debug|Any CPU
		{AF2D9888-4B48-49DB-A3D3-48BCB87F2E26}.Release|Any CPU.ActiveCfg = Release|Any CPU
		{AF2D9888-4B48-49DB-A3D3-48BCB87F2E26}.Release|Any CPU.Build.0 = Release|Any CPU
		{ACE22E72-93FB-463F-831E-13E65F174A9E}.Debug|Any CPU.ActiveCfg = Debug|Any CPU
		{ACE22E72-93FB-463F-831E-13E65F174A9E}.Debug|Any CPU.Build.0 = Debug|Any CPU
		{ACE22E72-93FB-463F-831E-13E65F174A9E}.Release|Any CPU.ActiveCfg = Release|Any CPU
		{ACE22E72-93FB-463F-831E-13E65F174A9E}.Release|Any CPU.Build.0 = Release|Any CPU
		{141B99B3-079B-4C99-BFEC-2D454C5E85F7}.Debug|Any CPU.ActiveCfg = Debug|Any CPU
		{141B99B3-079B-4C99-BFEC-2D454C5E85F7}.Debug|Any CPU.Build.0 = Debug|Any CPU
		{141B99B3-079B-4C99-BFEC-2D454C5E85F7}.Release|Any CPU.ActiveCfg = Release|Any CPU
		{141B99B3-079B-4C99-BFEC-2D454C5E85F7}.Release|Any CPU.Build.0 = Release|Any CPU
	EndGlobalSection
	GlobalSection(SolutionProperties) = preSolution
		HideSolutionNode = FALSE
	EndGlobalSection
	GlobalSection(ExtensibilityGlobals) = postSolution
		SolutionGuid = {3321A247-7D15-4D07-8542-C9DCF2F7B92D}
	EndGlobalSection
EndGlobal
