
Microsoft Visual Studio Solution File, Format Version 12.00
# Visual Studio 15
VisualStudioVersion = 15.0.27004.2005
MinimumVisualStudioVersion = 10.0.40219.1
Project("{FAE04EC0-301F-11D3-BF4B-00C04F79EFBC}") = "Chapter01", "Chapter01.csproj", "{131FB58A-CA80-443B-8655-93CDD54C874D}"
EndProject
Project("{FAE04EC0-301F-11D3-BF4B-00C04F79EFBC}") = "Person", "..\Person\Person.csproj", "{FFC1515B-7E20-4D99-91D1-DFAC0A8C98D6}"
EndProject
Project("{FAE04EC0-301F-11D3-BF4B-00C04F79EFBC}") = "ConsoleApp1", "ConsoleApp1\ConsoleApp1.csproj", "{EC85EDC4-461B-4F5F-BA00-858CF7C65C9C}"
EndProject
Project("{FAE04EC0-301F-11D3-BF4B-00C04F79EFBC}") = "ConsoleApp2", "ConsoleApp2\ConsoleApp2.csproj", "{1330F25C-9A80-4927-BB0D-10C2C815209D}"
EndProject
Project("{FAE04EC0-301F-11D3-BF4B-00C04F79EFBC}") = "ConsoleApp3", "ConsoleApp3\ConsoleApp3.csproj", "{AF2D9888-4B48-49DB-A3D3-48BCB87F2E26}"
EndProject
Project("{FAE04EC0-301F-11D3-BF4B-00C04F79EFBC}") = "ConsoleApp4", "ConsoleApp4\ConsoleApp4.csproj", "{ACE22E72-93FB-463F-831E-13E65F174A9E}"
EndProject
Project("{FAE04EC0-301F-11D3-BF4B-00C04F79EFBC}") = "ConsoleApp5", "ConsoleApp5\ConsoleApp5.csproj", "{141B99B3-079B-4C99-BFEC-2D454C5E85F7}"
EndProject
Project("{FAE04EC0-301F-11D3-BF4B-00C04F79EFBC}") = "ConsoleApp6", "..\ConsoleApp6\ConsoleApp6.csproj", "{858FCD85-AD2B-47AD-8734-A4A92A67799E}"
EndProject
Project("{FAE04EC0-301F-11D3-BF4B-00C04F79EFBC}") = "ConsoleApp7", "ConsoleApp7\ConsoleApp7.csproj", "{77402ABE-8316-49F7-B347-4A4865D1D2B2}"
EndProject
Project("{FAE04EC0-301F-11D3-BF4B-00C04F79EFBC}") = "ConsoleApp8", "ConsoleApp8\ConsoleApp8.csproj", "{374920D2-191A-421F-B13B-0205BAB97057}"
EndProject
Project("{FAE04EC0-301F-11D3-BF4B-00C04F79EFBC}") = "ConsoleApp9", "ConsoleApp9\ConsoleApp9.csproj", "{F7DA5A37-A551-432F-82B9-9F8391957F47}"
EndProject
Project("{FAE04EC0-301F-11D3-BF4B-00C04F79EFBC}") = "ConsoleApp10", "ConsoleApp10\ConsoleApp10.csproj", "{7CE70F83-3E1E-470C-A3FF-5B27A6A2BB5F}"
EndProject
Project("{FAE04EC0-301F-11D3-BF4B-00C04F79EFBC}") = "ConsoleApp11", "ConsoleApp11\ConsoleApp11.csproj", "{8B9865E7-5B2C-4456-AA57-CE4779A9953B}"
EndProject
Project("{FAE04EC0-301F-11D3-BF4B-00C04F79EFBC}") = "ConsoleApp12", "ConsoleApp12\ConsoleApp12.csproj", "{C773E027-4014-4BE8-8145-34AC9DA43F9E}"
EndProject
Project("{FAE04EC0-301F-11D3-BF4B-00C04F79EFBC}") = "ConsoleApp13", "ConsoleApp13\ConsoleApp13.csproj", "{73FEAE15-09CD-44AD-B354-DE0E82856225}"
EndProject
Project("{FAE04EC0-301F-11D3-BF4B-00C04F79EFBC}") = "ConsoleApp14", "ConsoleApp14\ConsoleApp14.csproj", "{3A25EF59-DDBE-4693-9DFD-1C30C58A9B9E}"
EndProject
Project("{FAE04EC0-301F-11D3-BF4B-00C04F79EFBC}") = "ConsoleApp15", "ConsoleApp15\ConsoleApp15.csproj", "{D254D4A4-6AC1-45CF-BD58-510D6D11FC6E}"
EndProject
Project("{FAE04EC0-301F-11D3-BF4B-00C04F79EFBC}") = "ConsoleApp16", "ConsoleApp16\ConsoleApp16.csproj", "{F5957F82-9505-487F-85A4-87796C225F44}"
EndProject
Project("{FAE04EC0-301F-11D3-BF4B-00C04F79EFBC}") = "ConsoleApp17", "ConsoleApp17\ConsoleApp17.csproj", "{8E3159D7-7F7F-4D91-923C-088848BEDD55}"
EndProject
Project("{FAE04EC0-301F-11D3-BF4B-00C04F79EFBC}") = "ConsoleApp18", "ConsoleApp18\ConsoleApp18.csproj", "{DED78BBB-85AC-459B-A41F-0D709D158844}"
EndProject
Project("{FAE04EC0-301F-11D3-BF4B-00C04F79EFBC}") = "ConsoleApp19", "ConsoleApp19\ConsoleApp19.csproj", "{F11E9109-4B9C-4B67-9AC2-568E1EB4429E}"
EndProject
Project("{FAE04EC0-301F-11D3-BF4B-00C04F79EFBC}") = "ConsoleApp20", "ConsoleApp20\ConsoleApp20.csproj", "{12F2EBDF-93B1-4E68-B6F4-5B9E58E71AA1}"
EndProject
Project("{FAE04EC0-301F-11D3-BF4B-00C04F79EFBC}") = "ConsoleApp21", "ConsoleApp21\ConsoleApp21.csproj", "{4B93C417-09E2-4BDD-BD00-FE47EACF26FA}"
EndProject
Global
	GlobalSection(SolutionConfigurationPlatforms) = preSolution
		Debug|Any CPU = Debug|Any CPU
		Release|Any CPU = Release|Any CPU
	EndGlobalSection
	GlobalSection(ProjectConfigurationPlatforms) = postSolution
		{131FB58A-CA80-443B-8655-93CDD54C874D}.Debug|Any CPU.ActiveCfg = Debug|Any CPU
		{131FB58A-CA80-443B-8655-93CDD54C874D}.Debug|Any CPU.Build.0 = Debug|Any CPU
		{131FB58A-CA80-443B-8655-93CDD54C874D}.Release|Any CPU.ActiveCfg = Release|Any CPU
		{131FB58A-CA80-443B-8655-93CDD54C874D}.Release|Any CPU.Build.0 = Release|Any CPU
		{FFC1515B-7E20-4D99-91D1-DFAC0A8C98D6}.Debug|Any CPU.ActiveCfg = Debug|Any CPU
		{FFC1515B-7E20-4D99-91D1-DFAC0A8C98D6}.Debug|Any CPU.Build.0 = Debug|Any CPU
		{FFC1515B-7E20-4D99-91D1-DFAC0A8C98D6}.Release|Any CPU.ActiveCfg = Release|Any CPU
		{FFC1515B-7E20-4D99-91D1-DFAC0A8C98D6}.Release|Any CPU.Build.0 = Release|Any CPU
		{EC85EDC4-461B-4F5F-BA00-858CF7C65C9C}.Debug|Any CPU.ActiveCfg = Debug|Any CPU
		{EC85EDC4-461B-4F5F-BA00-858CF7C65C9C}.Debug|Any CPU.Build.0 = Debug|Any CPU
		{EC85EDC4-461B-4F5F-BA00-858CF7C65C9C}.Release|Any CPU.ActiveCfg = Release|Any CPU
		{EC85EDC4-461B-4F5F-BA00-858CF7C65C9C}.Release|Any CPU.Build.0 = Release|Any CPU
		{1330F25C-9A80-4927-BB0D-10C2C815209D}.Debug|Any CPU.ActiveCfg = Debug|Any CPU
		{1330F25C-9A80-4927-BB0D-10C2C815209D}.Debug|Any CPU.Build.0 = Debug|Any CPU
		{1330F25C-9A80-4927-BB0D-10C2C815209D}.Release|Any CPU.ActiveCfg = Release|Any CPU
		{1330F25C-9A80-4927-BB0D-10C2C815209D}.Release|Any CPU.Build.0 = Release|Any CPU
		{AF2D9888-4B48-49DB-A3D3-48BCB87F2E26}.Debug|Any CPU.ActiveCfg = Debug|Any CPU
		{AF2D9888-4B48-49DB-A3D3-48BCB87F2E26}.Debug|Any CPU.Build.0 = Debug|Any CPU
		{AF2D9888-4B48-49DB-A3D3-48BCB87F2E26}.Release|Any CPU.ActiveCfg = Release|Any CPU
		{AF2D9888-4B48-49DB-A3D3-48BCB87F2E26}.Release|Any CPU.Build.0 = Release|Any CPU
		{ACE22E72-93FB-463F-831E-13E65F174A9E}.Debug|Any CPU.ActiveCfg = Debug|Any CPU
		{ACE22E72-93FB-463F-831E-13E65F174A9E}.Debug|Any CPU.Build.0 = Debug|Any CPU
		{ACE22E72-93FB-463F-831E-13E65F174A9E}.Release|Any CPU.ActiveCfg = Release|Any CPU
		{ACE22E72-93FB-463F-831E-13E65F174A9E}.Release|Any CPU.Build.0 = Release|Any CPU
		{141B99B3-079B-4C99-BFEC-2D454C5E85F7}.Debug|Any CPU.ActiveCfg = Debug|Any CPU
		{141B99B3-079B-4C99-BFEC-2D454C5E85F7}.Debug|Any CPU.Build.0 = Debug|Any CPU
		{141B99B3-079B-4C99-BFEC-2D454C5E85F7}.Release|Any CPU.ActiveCfg = Release|Any CPU
		{141B99B3-079B-4C99-BFEC-2D454C5E85F7}.Release|Any CPU.Build.0 = Release|Any CPU
		{858FCD85-AD2B-47AD-8734-A4A92A67799E}.Debug|Any CPU.ActiveCfg = Debug|Any CPU
		{858FCD85-AD2B-47AD-8734-A4A92A67799E}.Debug|Any CPU.Build.0 = Debug|Any CPU
		{858FCD85-AD2B-47AD-8734-A4A92A67799E}.Release|Any CPU.ActiveCfg = Release|Any CPU
		{858FCD85-AD2B-47AD-8734-A4A92A67799E}.Release|Any CPU.Build.0 = Release|Any CPU
		{77402ABE-8316-49F7-B347-4A4865D1D2B2}.Debug|Any CPU.ActiveCfg = Debug|Any CPU
		{77402ABE-8316-49F7-B347-4A4865D1D2B2}.Debug|Any CPU.Build.0 = Debug|Any CPU
		{77402ABE-8316-49F7-B347-4A4865D1D2B2}.Release|Any CPU.ActiveCfg = Release|Any CPU
		{77402ABE-8316-49F7-B347-4A4865D1D2B2}.Release|Any CPU.Build.0 = Release|Any CPU
		{374920D2-191A-421F-B13B-0205BAB97057}.Debug|Any CPU.ActiveCfg = Debug|Any CPU
		{374920D2-191A-421F-B13B-0205BAB97057}.Debug|Any CPU.Build.0 = Debug|Any CPU
		{374920D2-191A-421F-B13B-0205BAB97057}.Release|Any CPU.ActiveCfg = Release|Any CPU
		{374920D2-191A-421F-B13B-0205BAB97057}.Release|Any CPU.Build.0 = Release|Any CPU
		{F7DA5A37-A551-432F-82B9-9F8391957F47}.Debug|Any CPU.ActiveCfg = Debug|Any CPU
		{F7DA5A37-A551-432F-82B9-9F8391957F47}.Debug|Any CPU.Build.0 = Debug|Any CPU
		{F7DA5A37-A551-432F-82B9-9F8391957F47}.Release|Any CPU.ActiveCfg = Release|Any CPU
		{F7DA5A37-A551-432F-82B9-9F8391957F47}.Release|Any CPU.Build.0 = Release|Any CPU
		{7CE70F83-3E1E-470C-A3FF-5B27A6A2BB5F}.Debug|Any CPU.ActiveCfg = Debug|Any CPU
		{7CE70F83-3E1E-470C-A3FF-5B27A6A2BB5F}.Debug|Any CPU.Build.0 = Debug|Any CPU
		{7CE70F83-3E1E-470C-A3FF-5B27A6A2BB5F}.Release|Any CPU.ActiveCfg = Release|Any CPU
		{7CE70F83-3E1E-470C-A3FF-5B27A6A2BB5F}.Release|Any CPU.Build.0 = Release|Any CPU
		{8B9865E7-5B2C-4456-AA57-CE4779A9953B}.Debug|Any CPU.ActiveCfg = Debug|Any CPU
		{8B9865E7-5B2C-4456-AA57-CE4779A9953B}.Debug|Any CPU.Build.0 = Debug|Any CPU
		{8B9865E7-5B2C-4456-AA57-CE4779A9953B}.Release|Any CPU.ActiveCfg = Release|Any CPU
		{8B9865E7-5B2C-4456-AA57-CE4779A9953B}.Release|Any CPU.Build.0 = Release|Any CPU
		{C773E027-4014-4BE8-8145-34AC9DA43F9E}.Debug|Any CPU.ActiveCfg = Debug|Any CPU
		{C773E027-4014-4BE8-8145-34AC9DA43F9E}.Debug|Any CPU.Build.0 = Debug|Any CPU
		{C773E027-4014-4BE8-8145-34AC9DA43F9E}.Release|Any CPU.ActiveCfg = Release|Any CPU
		{C773E027-4014-4BE8-8145-34AC9DA43F9E}.Release|Any CPU.Build.0 = Release|Any CPU
		{73FEAE15-09CD-44AD-B354-DE0E82856225}.Debug|Any CPU.ActiveCfg = Debug|Any CPU
		{73FEAE15-09CD-44AD-B354-DE0E82856225}.Debug|Any CPU.Build.0 = Debug|Any CPU
		{73FEAE15-09CD-44AD-B354-DE0E82856225}.Release|Any CPU.ActiveCfg = Release|Any CPU
		{73FEAE15-09CD-44AD-B354-DE0E82856225}.Release|Any CPU.Build.0 = Release|Any CPU
		{3A25EF59-DDBE-4693-9DFD-1C30C58A9B9E}.Debug|Any CPU.ActiveCfg = Debug|Any CPU
		{3A25EF59-DDBE-4693-9DFD-1C30C58A9B9E}.Debug|Any CPU.Build.0 = Debug|Any CPU
		{3A25EF59-DDBE-4693-9DFD-1C30C58A9B9E}.Release|Any CPU.ActiveCfg = Release|Any CPU
		{3A25EF59-DDBE-4693-9DFD-1C30C58A9B9E}.Release|Any CPU.Build.0 = Release|Any CPU
		{D254D4A4-6AC1-45CF-BD58-510D6D11FC6E}.Debug|Any CPU.ActiveCfg = Debug|Any CPU
		{D254D4A4-6AC1-45CF-BD58-510D6D11FC6E}.Debug|Any CPU.Build.0 = Debug|Any CPU
		{D254D4A4-6AC1-45CF-BD58-510D6D11FC6E}.Release|Any CPU.ActiveCfg = Release|Any CPU
		{D254D4A4-6AC1-45CF-BD58-510D6D11FC6E}.Release|Any CPU.Build.0 = Release|Any CPU
		{F5957F82-9505-487F-85A4-87796C225F44}.Debug|Any CPU.ActiveCfg = Debug|Any CPU
		{F5957F82-9505-487F-85A4-87796C225F44}.Debug|Any CPU.Build.0 = Debug|Any CPU
		{F5957F82-9505-487F-85A4-87796C225F44}.Release|Any CPU.ActiveCfg = Release|Any CPU
		{F5957F82-9505-487F-85A4-87796C225F44}.Release|Any CPU.Build.0 = Release|Any CPU
		{8E3159D7-7F7F-4D91-923C-088848BEDD55}.Debug|Any CPU.ActiveCfg = Debug|Any CPU
		{8E3159D7-7F7F-4D91-923C-088848BEDD55}.Debug|Any CPU.Build.0 = Debug|Any CPU
		{8E3159D7-7F7F-4D91-923C-088848BEDD55}.Release|Any CPU.ActiveCfg = Release|Any CPU
		{8E3159D7-7F7F-4D91-923C-088848BEDD55}.Release|Any CPU.Build.0 = Release|Any CPU
		{DED78BBB-85AC-459B-A41F-0D709D158844}.Debug|Any CPU.ActiveCfg = Debug|Any CPU
		{DED78BBB-85AC-459B-A41F-0D709D158844}.Debug|Any CPU.Build.0 = Debug|Any CPU
		{DED78BBB-85AC-459B-A41F-0D709D158844}.Release|Any CPU.ActiveCfg = Release|Any CPU
		{DED78BBB-85AC-459B-A41F-0D709D158844}.Release|Any CPU.Build.0 = Release|Any CPU
		{F11E9109-4B9C-4B67-9AC2-568E1EB4429E}.Debug|Any CPU.ActiveCfg = Debug|Any CPU
		{F11E9109-4B9C-4B67-9AC2-568E1EB4429E}.Debug|Any CPU.Build.0 = Debug|Any CPU
		{F11E9109-4B9C-4B67-9AC2-568E1EB4429E}.Release|Any CPU.ActiveCfg = Release|Any CPU
		{F11E9109-4B9C-4B67-9AC2-568E1EB4429E}.Release|Any CPU.Build.0 = Release|Any CPU
		{12F2EBDF-93B1-4E68-B6F4-5B9E58E71AA1}.Debug|Any CPU.ActiveCfg = Debug|Any CPU
		{12F2EBDF-93B1-4E68-B6F4-5B9E58E71AA1}.Debug|Any CPU.Build.0 = Debug|Any CPU
		{12F2EBDF-93B1-4E68-B6F4-5B9E58E71AA1}.Release|Any CPU.ActiveCfg = Release|Any CPU
		{12F2EBDF-93B1-4E68-B6F4-5B9E58E71AA1}.Release|Any CPU.Build.0 = Release|Any CPU
		{4B93C417-09E2-4BDD-BD00-FE47EACF26FA}.Debug|Any CPU.ActiveCfg = Debug|Any CPU
		{4B93C417-09E2-4BDD-BD00-FE47EACF26FA}.Debug|Any CPU.Build.0 = Debug|Any CPU
		{4B93C417-09E2-4BDD-BD00-FE47EACF26FA}.Release|Any CPU.ActiveCfg = Release|Any CPU
		{4B93C417-09E2-4BDD-BD00-FE47EACF26FA}.Release|Any CPU.Build.0 = Release|Any CPU
	EndGlobalSection
	GlobalSection(SolutionProperties) = preSolution
		HideSolutionNode = FALSE
	EndGlobalSection
	GlobalSection(ExtensibilityGlobals) = postSolution
		SolutionGuid = {3321A247-7D15-4D07-8542-C9DCF2F7B92D}
	EndGlobalSection
EndGlobal
